// !$*UTF8*$!
{
	archiveVersion = 1;
	classes = {
	};
	objectVersion = 56;
	objects = {

/* Begin PBXBuildFile section */
		31140110291ED1D30002EDC2 /* UIView + Extension.swift in Sources */ = {isa = PBXBuildFile; fileRef = 3114010F291ED1D30002EDC2 /* UIView + Extension.swift */; };
		31140112291EDB120002EDC2 /* NetworkManager.swift in Sources */ = {isa = PBXBuildFile; fileRef = 31140111291EDB120002EDC2 /* NetworkManager.swift */; };
		31140114291EDB630002EDC2 /* Presenter.swift in Sources */ = {isa = PBXBuildFile; fileRef = 31140113291EDB630002EDC2 /* Presenter.swift */; };
		31140116291EF10A0002EDC2 /* ImageLoader.swift in Sources */ = {isa = PBXBuildFile; fileRef = 31140115291EF10A0002EDC2 /* ImageLoader.swift */; };
		31140118291EF72B0002EDC2 /* CharacterInformationControllerViewController.swift in Sources */ = {isa = PBXBuildFile; fileRef = 31140117291EF72B0002EDC2 /* CharacterInformationControllerViewController.swift */; };
		31366C2D29218E6400BE4031 /* InformationViewModel.swift in Sources */ = {isa = PBXBuildFile; fileRef = 31366C2C29218E6400BE4031 /* InformationViewModel.swift */; };
		3161A312291D95580035FA87 /* AppDelegate.swift in Sources */ = {isa = PBXBuildFile; fileRef = 3161A311291D95580035FA87 /* AppDelegate.swift */; };
		3161A314291D95580035FA87 /* SceneDelegate.swift in Sources */ = {isa = PBXBuildFile; fileRef = 3161A313291D95580035FA87 /* SceneDelegate.swift */; };
		3161A316291D95580035FA87 /* CharactersViewController.swift in Sources */ = {isa = PBXBuildFile; fileRef = 3161A315291D95580035FA87 /* CharactersViewController.swift */; };
		3161A319291D95580035FA87 /* Main.storyboard in Resources */ = {isa = PBXBuildFile; fileRef = 3161A317291D95580035FA87 /* Main.storyboard */; };
		3161A31B291D95590035FA87 /* Assets.xcassets in Resources */ = {isa = PBXBuildFile; fileRef = 3161A31A291D95590035FA87 /* Assets.xcassets */; };
		3161A31E291D95590035FA87 /* LaunchScreen.storyboard in Resources */ = {isa = PBXBuildFile; fileRef = 3161A31C291D95590035FA87 /* LaunchScreen.storyboard */; };
		3161A32A291D9F490035FA87 /* CharactersModel.swift in Sources */ = {isa = PBXBuildFile; fileRef = 3161A329291D9F490035FA87 /* CharactersModel.swift */; };
		3161A32C291DA9920035FA87 /* CharactersTableViewCell.swift in Sources */ = {isa = PBXBuildFile; fileRef = 3161A32B291DA9920035FA87 /* CharactersTableViewCell.swift */; };
/* End PBXBuildFile section */

/* Begin PBXFileReference section */
		3114010F291ED1D30002EDC2 /* UIView + Extension.swift */ = {isa = PBXFileReference; lastKnownFileType = sourcecode.swift; path = "UIView + Extension.swift"; sourceTree = "<group>"; };
		31140111291EDB120002EDC2 /* NetworkManager.swift */ = {isa = PBXFileReference; lastKnownFileType = sourcecode.swift; path = NetworkManager.swift; sourceTree = "<group>"; };
		31140113291EDB630002EDC2 /* Presenter.swift */ = {isa = PBXFileReference; lastKnownFileType = sourcecode.swift; path = Presenter.swift; sourceTree = "<group>"; };
		31140115291EF10A0002EDC2 /* ImageLoader.swift */ = {isa = PBXFileReference; lastKnownFileType = sourcecode.swift; path = ImageLoader.swift; sourceTree = "<group>"; };
		31140117291EF72B0002EDC2 /* CharacterInformationControllerViewController.swift */ = {isa = PBXFileReference; lastKnownFileType = sourcecode.swift; path = CharacterInformationControllerViewController.swift; sourceTree = "<group>"; };
		31366C2C29218E6400BE4031 /* InformationViewModel.swift */ = {isa = PBXFileReference; lastKnownFileType = sourcecode.swift; path = InformationViewModel.swift; sourceTree = "<group>"; };
		3161A30E291D95580035FA87 /* LayoutRickAndMorty.app */ = {isa = PBXFileReference; explicitFileType = wrapper.application; includeInIndex = 0; path = LayoutRickAndMorty.app; sourceTree = BUILT_PRODUCTS_DIR; };
		3161A311291D95580035FA87 /* AppDelegate.swift */ = {isa = PBXFileReference; lastKnownFileType = sourcecode.swift; path = AppDelegate.swift; sourceTree = "<group>"; };
		3161A313291D95580035FA87 /* SceneDelegate.swift */ = {isa = PBXFileReference; lastKnownFileType = sourcecode.swift; path = SceneDelegate.swift; sourceTree = "<group>"; };
		3161A315291D95580035FA87 /* CharactersViewController.swift */ = {isa = PBXFileReference; lastKnownFileType = sourcecode.swift; path = CharactersViewController.swift; sourceTree = "<group>"; };
		3161A318291D95580035FA87 /* Base */ = {isa = PBXFileReference; lastKnownFileType = file.storyboard; name = Base; path = Base.lproj/Main.storyboard; sourceTree = "<group>"; };
		3161A31A291D95590035FA87 /* Assets.xcassets */ = {isa = PBXFileReference; lastKnownFileType = folder.assetcatalog; path = Assets.xcassets; sourceTree = "<group>"; };
		3161A31D291D95590035FA87 /* Base */ = {isa = PBXFileReference; lastKnownFileType = file.storyboard; name = Base; path = Base.lproj/LaunchScreen.storyboard; sourceTree = "<group>"; };
		3161A31F291D95590035FA87 /* Info.plist */ = {isa = PBXFileReference; lastKnownFileType = text.plist.xml; path = Info.plist; sourceTree = "<group>"; };
		3161A329291D9F490035FA87 /* CharactersModel.swift */ = {isa = PBXFileReference; lastKnownFileType = sourcecode.swift; path = CharactersModel.swift; sourceTree = "<group>"; };
		3161A32B291DA9920035FA87 /* CharactersTableViewCell.swift */ = {isa = PBXFileReference; lastKnownFileType = sourcecode.swift; path = CharactersTableViewCell.swift; sourceTree = "<group>"; };
/* End PBXFileReference section */

/* Begin PBXFrameworksBuildPhase section */
		3161A30B291D95580035FA87 /* Frameworks */ = {
			isa = PBXFrameworksBuildPhase;
			buildActionMask = 2147483647;
			files = (
			);
			runOnlyForDeploymentPostprocessing = 0;
		};
/* End PBXFrameworksBuildPhase section */

/* Begin PBXGroup section */
		3114010E291ED1BA0002EDC2 /* Utilities */ = {
			isa = PBXGroup;
			children = (
				3114010F291ED1D30002EDC2 /* UIView + Extension.swift */,
			);
			path = Utilities;
			sourceTree = "<group>";
		};
		3161A305291D95580035FA87 = {
			isa = PBXGroup;
			children = (
				3161A310291D95580035FA87 /* LayoutRickAndMorty */,
				3161A30F291D95580035FA87 /* Products */,
			);
			sourceTree = "<group>";
		};
		3161A30F291D95580035FA87 /* Products */ = {
			isa = PBXGroup;
			children = (
				3161A30E291D95580035FA87 /* LayoutRickAndMorty.app */,
			);
			name = Products;
			sourceTree = "<group>";
		};
		3161A310291D95580035FA87 /* LayoutRickAndMorty */ = {
			isa = PBXGroup;
			children = (
				3161A325291D9F130035FA87 /* Model */,
				3161A326291D9F1B0035FA87 /* View */,
				3161A327291D9F1F0035FA87 /* Presenter */,
				3161A328291D9F240035FA87 /* Services */,
				3114010E291ED1BA0002EDC2 /* Utilities */,
				3161A311291D95580035FA87 /* AppDelegate.swift */,
				3161A313291D95580035FA87 /* SceneDelegate.swift */,
				3161A317291D95580035FA87 /* Main.storyboard */,
				3161A31A291D95590035FA87 /* Assets.xcassets */,
				3161A31C291D95590035FA87 /* LaunchScreen.storyboard */,
				3161A31F291D95590035FA87 /* Info.plist */,
			);
			path = LayoutRickAndMorty;
			sourceTree = "<group>";
		};
		3161A325291D9F130035FA87 /* Model */ = {
			isa = PBXGroup;
			children = (
				3161A329291D9F490035FA87 /* CharactersModel.swift */,
				31366C2C29218E6400BE4031 /* InformationViewModel.swift */,
			);
			path = Model;
			sourceTree = "<group>";
		};
		3161A326291D9F1B0035FA87 /* View */ = {
			isa = PBXGroup;
			children = (
				3161A315291D95580035FA87 /* CharactersViewController.swift */,
				3161A32B291DA9920035FA87 /* CharactersTableViewCell.swift */,
				31140117291EF72B0002EDC2 /* CharacterInformationControllerViewController.swift */,
			);
			path = View;
			sourceTree = "<group>";
		};
		3161A327291D9F1F0035FA87 /* Presenter */ = {
			isa = PBXGroup;
			children = (
				31140113291EDB630002EDC2 /* Presenter.swift */,
			);
			path = Presenter;
			sourceTree = "<group>";
		};
		3161A328291D9F240035FA87 /* Services */ = {
			isa = PBXGroup;
			children = (
				31140111291EDB120002EDC2 /* NetworkManager.swift */,
				31140115291EF10A0002EDC2 /* ImageLoader.swift */,
			);
			path = Services;
			sourceTree = "<group>";
		};
/* End PBXGroup section */

/* Begin PBXNativeTarget section */
		3161A30D291D95580035FA87 /* LayoutRickAndMorty */ = {
			isa = PBXNativeTarget;
			buildConfigurationList = 3161A322291D95590035FA87 /* Build configuration list for PBXNativeTarget "LayoutRickAndMorty" */;
			buildPhases = (
				3161A30A291D95580035FA87 /* Sources */,
				3161A30B291D95580035FA87 /* Frameworks */,
				3161A30C291D95580035FA87 /* Resources */,
			);
			buildRules = (
			);
			dependencies = (
			);
			name = LayoutRickAndMorty;
			productName = LayoutRickAndMorty;
			productReference = 3161A30E291D95580035FA87 /* LayoutRickAndMorty.app */;
			productType = "com.apple.product-type.application";
		};
/* End PBXNativeTarget section */

/* Begin PBXProject section */
		3161A306291D95580035FA87 /* Project object */ = {
			isa = PBXProject;
			attributes = {
				BuildIndependentTargetsInParallel = 1;
				LastSwiftUpdateCheck = 1400;
				LastUpgradeCheck = 1400;
				TargetAttributes = {
					3161A30D291D95580035FA87 = {
						CreatedOnToolsVersion = 14.0;
					};
				};
			};
			buildConfigurationList = 3161A309291D95580035FA87 /* Build configuration list for PBXProject "LayoutRickAndMorty" */;
			compatibilityVersion = "Xcode 14.0";
			developmentRegion = en;
			hasScannedForEncodings = 0;
			knownRegions = (
				en,
				Base,
			);
			mainGroup = 3161A305291D95580035FA87;
			productRefGroup = 3161A30F291D95580035FA87 /* Products */;
			projectDirPath = "";
			projectRoot = "";
			targets = (
				3161A30D291D95580035FA87 /* LayoutRickAndMorty */,
			);
		};
/* End PBXProject section */

/* Begin PBXResourcesBuildPhase section */
		3161A30C291D95580035FA87 /* Resources */ = {
			isa = PBXResourcesBuildPhase;
			buildActionMask = 2147483647;
			files = (
				3161A31E291D95590035FA87 /* LaunchScreen.storyboard in Resources */,
				3161A31B291D95590035FA87 /* Assets.xcassets in Resources */,
				3161A319291D95580035FA87 /* Main.storyboard in Resources */,
			);
			runOnlyForDeploymentPostprocessing = 0;
		};
/* End PBXResourcesBuildPhase section */

/* Begin PBXSourcesBuildPhase section */
		3161A30A291D95580035FA87 /* Sources */ = {
			isa = PBXSourcesBuildPhase;
			buildActionMask = 2147483647;
			files = (
				3161A316291D95580035FA87 /* CharactersViewController.swift in Sources */,
				31140118291EF72B0002EDC2 /* CharacterInformationControllerViewController.swift in Sources */,
				3161A32A291D9F490035FA87 /* CharactersModel.swift in Sources */,
				31140114291EDB630002EDC2 /* Presenter.swift in Sources */,
				31140110291ED1D30002EDC2 /* UIView + Extension.swift in Sources */,
				3161A32C291DA9920035FA87 /* CharactersTableViewCell.swift in Sources */,
				31140116291EF10A0002EDC2 /* ImageLoader.swift in Sources */,
				31140112291EDB120002EDC2 /* NetworkManager.swift in Sources */,
				3161A312291D95580035FA87 /* AppDelegate.swift in Sources */,
				3161A314291D95580035FA87 /* SceneDelegate.swift in Sources */,
				31366C2D29218E6400BE4031 /* InformationViewModel.swift in Sources */,
			);
			runOnlyForDeploymentPostprocessing = 0;
		};
/* End PBXSourcesBuildPhase section */

/* Begin PBXVariantGroup section */
		3161A317291D95580035FA87 /* Main.storyboard */ = {
			isa = PBXVariantGroup;
			children = (
				3161A318291D95580035FA87 /* Base */,
			);
			name = Main.storyboard;
			sourceTree = "<group>";
		};
		3161A31C291D95590035FA87 /* LaunchScreen.storyboard */ = {
			isa = PBXVariantGroup;
			children = (
				3161A31D291D95590035FA87 /* Base */,
			);
			name = LaunchScreen.storyboard;
			sourceTree = "<group>";
		};
/* End PBXVariantGroup section */

/* Begin XCBuildConfiguration section */
		3161A320291D95590035FA87 /* Debug */ = {
			isa = XCBuildConfiguration;
			buildSettings = {
				ALWAYS_SEARCH_USER_PATHS = NO;
				CLANG_ANALYZER_NONNULL = YES;
				CLANG_ANALYZER_NUMBER_OBJECT_CONVERSION = YES_AGGRESSIVE;
				CLANG_CXX_LANGUAGE_STANDARD = "gnu++20";
				CLANG_ENABLE_MODULES = YES;
				CLANG_ENABLE_OBJC_ARC = YES;
				CLANG_ENABLE_OBJC_WEAK = YES;
				CLANG_WARN_BLOCK_CAPTURE_AUTORELEASING = YES;
				CLANG_WARN_BOOL_CONVERSION = YES;
				CLANG_WARN_COMMA = YES;
				CLANG_WARN_CONSTANT_CONVERSION = YES;
				CLANG_WARN_DEPRECATED_OBJC_IMPLEMENTATIONS = YES;
				CLANG_WARN_DIRECT_OBJC_ISA_USAGE = YES_ERROR;
				CLANG_WARN_DOCUMENTATION_COMMENTS = YES;
				CLANG_WARN_EMPTY_BODY = YES;
				CLANG_WARN_ENUM_CONVERSION = YES;
				CLANG_WARN_INFINITE_RECURSION = YES;
				CLANG_WARN_INT_CONVERSION = YES;
				CLANG_WARN_NON_LITERAL_NULL_CONVERSION = YES;
				CLANG_WARN_OBJC_IMPLICIT_RETAIN_SELF = YES;
				CLANG_WARN_OBJC_LITERAL_CONVERSION = YES;
				CLANG_WARN_OBJC_ROOT_CLASS = YES_ERROR;
				CLANG_WARN_QUOTED_INCLUDE_IN_FRAMEWORK_HEADER = YES;
				CLANG_WARN_RANGE_LOOP_ANALYSIS = YES;
				CLANG_WARN_STRICT_PROTOTYPES = YES;
				CLANG_WARN_SUSPICIOUS_MOVE = YES;
				CLANG_WARN_UNGUARDED_AVAILABILITY = YES_AGGRESSIVE;
				CLANG_WARN_UNREACHABLE_CODE = YES;
				CLANG_WARN__DUPLICATE_METHOD_MATCH = YES;
				COPY_PHASE_STRIP = NO;
				DEBUG_INFORMATION_FORMAT = dwarf;
				ENABLE_STRICT_OBJC_MSGSEND = YES;
				ENABLE_TESTABILITY = YES;
				GCC_C_LANGUAGE_STANDARD = gnu11;
				GCC_DYNAMIC_NO_PIC = NO;
				GCC_NO_COMMON_BLOCKS = YES;
				GCC_OPTIMIZATION_LEVEL = 0;
				GCC_PREPROCESSOR_DEFINITIONS = (
					"DEBUG=1",
					"$(inherited)",
				);
				GCC_WARN_64_TO_32_BIT_CONVERSION = YES;
				GCC_WARN_ABOUT_RETURN_TYPE = YES_ERROR;
				GCC_WARN_UNDECLARED_SELECTOR = YES;
				GCC_WARN_UNINITIALIZED_AUTOS = YES_AGGRESSIVE;
				GCC_WARN_UNUSED_FUNCTION = YES;
				GCC_WARN_UNUSED_VARIABLE = YES;
				IPHONEOS_DEPLOYMENT_TARGET = 16.0;
				MTL_ENABLE_DEBUG_INFO = INCLUDE_SOURCE;
				MTL_FAST_MATH = YES;
				ONLY_ACTIVE_ARCH = YES;
				SDKROOT = iphoneos;
				SWIFT_ACTIVE_COMPILATION_CONDITIONS = DEBUG;
				SWIFT_OPTIMIZATION_LEVEL = "-Onone";
			};
			name = Debug;
		};
		3161A321291D95590035FA87 /* Release */ = {
			isa = XCBuildConfiguration;
			buildSettings = {
				ALWAYS_SEARCH_USER_PATHS = NO;
				CLANG_ANALYZER_NONNULL = YES;
				CLANG_ANALYZER_NUMBER_OBJECT_CONVERSION = YES_AGGRESSIVE;
				CLANG_CXX_LANGUAGE_STANDARD = "gnu++20";
				CLANG_ENABLE_MODULES = YES;
				CLANG_ENABLE_OBJC_ARC = YES;
				CLANG_ENABLE_OBJC_WEAK = YES;
				CLANG_WARN_BLOCK_CAPTURE_AUTORELEASING = YES;
				CLANG_WARN_BOOL_CONVERSION = YES;
				CLANG_WARN_COMMA = YES;
				CLANG_WARN_CONSTANT_CONVERSION = YES;
				CLANG_WARN_DEPRECATED_OBJC_IMPLEMENTATIONS = YES;
				CLANG_WARN_DIRECT_OBJC_ISA_USAGE = YES_ERROR;
				CLANG_WARN_DOCUMENTATION_COMMENTS = YES;
				CLANG_WARN_EMPTY_BODY = YES;
				CLANG_WARN_ENUM_CONVERSION = YES;
				CLANG_WARN_INFINITE_RECURSION = YES;
				CLANG_WARN_INT_CONVERSION = YES;
				CLANG_WARN_NON_LITERAL_NULL_CONVERSION = YES;
				CLANG_WARN_OBJC_IMPLICIT_RETAIN_SELF = YES;
				CLANG_WARN_OBJC_LITERAL_CONVERSION = YES;
				CLANG_WARN_OBJC_ROOT_CLASS = YES_ERROR;
				CLANG_WARN_QUOTED_INCLUDE_IN_FRAMEWORK_HEADER = YES;
				CLANG_WARN_RANGE_LOOP_ANALYSIS = YES;
				CLANG_WARN_STRICT_PROTOTYPES = YES;
				CLANG_WARN_SUSPICIOUS_MOVE = YES;
				CLANG_WARN_UNGUARDED_AVAILABILITY = YES_AGGRESSIVE;
				CLANG_WARN_UNREACHABLE_CODE = YES;
				CLANG_WARN__DUPLICATE_METHOD_MATCH = YES;
				COPY_PHASE_STRIP = NO;
				DEBUG_INFORMATION_FORMAT = "dwarf-with-dsym";
				ENABLE_NS_ASSERTIONS = NO;
				ENABLE_STRICT_OBJC_MSGSEND = YES;
				GCC_C_LANGUAGE_STANDARD = gnu11;
				GCC_NO_COMMON_BLOCKS = YES;
				GCC_WARN_64_TO_32_BIT_CONVERSION = YES;
				GCC_WARN_ABOUT_RETURN_TYPE = YES_ERROR;
				GCC_WARN_UNDECLARED_SELECTOR = YES;
				GCC_WARN_UNINITIALIZED_AUTOS = YES_AGGRESSIVE;
				GCC_WARN_UNUSED_FUNCTION = YES;
				GCC_WARN_UNUSED_VARIABLE = YES;
				IPHONEOS_DEPLOYMENT_TARGET = 16.0;
				MTL_ENABLE_DEBUG_INFO = NO;
				MTL_FAST_MATH = YES;
				SDKROOT = iphoneos;
				SWIFT_COMPILATION_MODE = wholemodule;
				SWIFT_OPTIMIZATION_LEVEL = "-O";
				VALIDATE_PRODUCT = YES;
			};
			name = Release;
		};
		3161A323291D95590035FA87 /* Debug */ = {
			isa = XCBuildConfiguration;
			buildSettings = {
				ASSETCATALOG_COMPILER_APPICON_NAME = AppIcon;
				ASSETCATALOG_COMPILER_GLOBAL_ACCENT_COLOR_NAME = AccentColor;
				CODE_SIGN_STYLE = Automatic;
				CURRENT_PROJECT_VERSION = 1;
				DEVELOPMENT_TEAM = YGKQ6UQ529;
				GENERATE_INFOPLIST_FILE = YES;
				INFOPLIST_FILE = LayoutRickAndMorty/Info.plist;
				INFOPLIST_KEY_UIApplicationSupportsIndirectInputEvents = YES;
				INFOPLIST_KEY_UILaunchStoryboardName = LaunchScreen;
				INFOPLIST_KEY_UIMainStoryboardFile = Main;
				INFOPLIST_KEY_UISupportedInterfaceOrientations = UIInterfaceOrientationPortrait;
				INFOPLIST_KEY_UISupportedInterfaceOrientations_iPad = "UIInterfaceOrientationLandscapeLeft UIInterfaceOrientationLandscapeRight UIInterfaceOrientationPortrait UIInterfaceOrientationPortraitUpsideDown";
				IPHONEOS_DEPLOYMENT_TARGET = 13.0;
				LD_RUNPATH_SEARCH_PATHS = (
					"$(inherited)",
					"@executable_path/Frameworks",
				);
				MARKETING_VERSION = 1.0;
				PRODUCT_BUNDLE_IDENTIFIER = "Nikolay-Lermontov.LayoutRickAndMorty";
				PRODUCT_NAME = "$(TARGET_NAME)";
				SUPPORTED_PLATFORMS = "iphoneos iphonesimulator";
				SUPPORTS_MACCATALYST = NO;
				SUPPORTS_MAC_DESIGNED_FOR_IPHONE_IPAD = NO;
				SWIFT_EMIT_LOC_STRINGS = YES;
				SWIFT_VERSION = 5.0;
				TARGETED_DEVICE_FAMILY = 1;
			};
			name = Debug;
		};
		3161A324291D95590035FA87 /* Release */ = {
			isa = XCBuildConfiguration;
			buildSettings = {
				ASSETCATALOG_COMPILER_APPICON_NAME = AppIcon;
				ASSETCATALOG_COMPILER_GLOBAL_ACCENT_COLOR_NAME = AccentColor;
				CODE_SIGN_STYLE = Automatic;
				CURRENT_PROJECT_VERSION = 1;
				DEVELOPMENT_TEAM = YGKQ6UQ529;
				GENERATE_INFOPLIST_FILE = YES;
				INFOPLIST_FILE = LayoutRickAndMorty/Info.plist;
				INFOPLIST_KEY_UIApplicationSupportsIndirectInputEvents = YES;
				INFOPLIST_KEY_UILaunchStoryboardName = LaunchScreen;
				INFOPLIST_KEY_UIMainStoryboardFile = Main;
				INFOPLIST_KEY_UISupportedInterfaceOrientations = UIInterfaceOrientationPortrait;
				INFOPLIST_KEY_UISupportedInterfaceOrientations_iPad = "UIInterfaceOrientationLandscapeLeft UIInterfaceOrientationLandscapeRight UIInterfaceOrientationPortrait UIInterfaceOrientationPortraitUpsideDown";
				IPHONEOS_DEPLOYMENT_TARGET = 13.0;
				LD_RUNPATH_SEARCH_PATHS = (
					"$(inherited)",
					"@executable_path/Frameworks",
				);
				MARKETING_VERSION = 1.0;
				PRODUCT_BUNDLE_IDENTIFIER = "Nikolay-Lermontov.LayoutRickAndMorty";
				PRODUCT_NAME = "$(TARGET_NAME)";
				SUPPORTED_PLATFORMS = "iphoneos iphonesimulator";
				SUPPORTS_MACCATALYST = NO;
				SUPPORTS_MAC_DESIGNED_FOR_IPHONE_IPAD = NO;
				SWIFT_EMIT_LOC_STRINGS = YES;
				SWIFT_VERSION = 5.0;
				TARGETED_DEVICE_FAMILY = 1;
			};
			name = Release;
		};
/* End XCBuildConfiguration section */

/* Begin XCConfigurationList section */
		3161A309291D95580035FA87 /* Build configuration list for PBXProject "LayoutRickAndMorty" */ = {
			isa = XCConfigurationList;
			buildConfigurations = (
				3161A320291D95590035FA87 /* Debug */,
				3161A321291D95590035FA87 /* Release */,
			);
			defaultConfigurationIsVisible = 0;
			defaultConfigurationName = Release;
		};
		3161A322291D95590035FA87 /* Build configuration list for PBXNativeTarget "LayoutRickAndMorty" */ = {
			isa = XCConfigurationList;
			buildConfigurations = (
				3161A323291D95590035FA87 /* Debug */,
				3161A324291D95590035FA87 /* Release */,
			);
			defaultConfigurationIsVisible = 0;
			defaultConfigurationName = Release;
		};
/* End XCConfigurationList section */
	};
	rootObject = 3161A306291D95580035FA87 /* Project object */;
}
